
Microsoft Visual Studio Solution File, Format Version 12.00
# Visual Studio Version 16
VisualStudioVersion = 16.0.29020.237
MinimumVisualStudioVersion = 10.0.40219.1
Project("{FAE04EC0-301F-11D3-BF4B-00C04F79EFBC}") = "Aula300821API", "Aula300821API\Aula300821API.csproj", "{7BBB74E3-B165-4829-91ED-8051E767EECC}"
EndProject
Global
	GlobalSection(SolutionConfigurationPlatforms) = preSolution
		Debug|Any CPU = Debug|Any CPU
		Release|Any CPU = Release|Any CPU
	EndGlobalSection
	GlobalSection(ProjectConfigurationPlatforms) = postSolution
		{7BBB74E3-B165-4829-91ED-8051E767EECC}.Debug|Any CPU.ActiveCfg = Debug|Any CPU
		{7BBB74E3-B165-4829-91ED-8051E767EECC}.Debug|Any CPU.Build.0 = Debug|Any CPU
		{7BBB74E3-B165-4829-91ED-8051E767EECC}.Release|Any CPU.ActiveCfg = Release|Any CPU
		{7BBB74E3-B165-4829-91ED-8051E767EECC}.Release|Any CPU.Build.0 = Release|Any CPU
	EndGlobalSection
	GlobalSection(SolutionProperties) = preSolution
		HideSolutionNode = FALSE
	EndGlobalSection
	GlobalSection(ExtensibilityGlobals) = postSolution
		SolutionGuid = {7D2F3169-D05B-4738-AC17-1988543DDA92}
	EndGlobalSection
EndGlobal
